{
  "nodes": {
    "darwin": {
      "inputs": {
        "nixpkgs": [
          "nixpkgs"
        ]
      },
      "locked": {
        "lastModified": 1767634391,
        "narHash": "sha256-owcSz2ICqTSvhBbhPP+1eWzi88e54rRZtfCNE5E/wwg=",
        "owner": "LnL7",
        "repo": "nix-darwin",
        "rev": "08585aacc3d6d6c280a02da195fdbd4b9cf083c2",
        "type": "github"
      },
      "original": {
        "owner": "LnL7",
        "ref": "nix-darwin-25.11",
        "repo": "nix-darwin",
        "type": "github"
      }
    },
    "flake-utils": {
      "locked": {
        "lastModified": 1648297722,
        "narHash": "sha256-W+qlPsiZd8F3XkzXOzAoR+mpFqzm3ekQkJNa+PIh1BQ=",
        "owner": "numtide",
        "repo": "flake-utils",
        "rev": "0f8662f1319ad6abf89b3380dd2722369fc51ade",
        "type": "github"
      },
      "original": {
        "owner": "numtide",
        "repo": "flake-utils",
        "type": "github"
      }
    },
    "home-manager": {
      "inputs": {
        "nixpkgs": [
          "nixpkgs"
        ]
      },
      "locked": {
        "lastModified": 1767910483,
        "narHash": "sha256-MOU5YdVu4DVwuT5ztXgQpPuRRBjSjUGIdUzOQr9iQOY=",
        "owner": "nix-community",
        "repo": "home-manager",
        "rev": "82fb7dedaad83e5e279127a38ef410bcfac6d77c",
        "type": "github"
      },
      "original": {
        "owner": "nix-community",
        "ref": "release-25.11",
        "repo": "home-manager",
        "type": "github"
      }
    },
    "nixpkgs": {
      "locked": {
        "lastModified": 1768028080,
        "narHash": "sha256-50aDK+8eLvsLK39TzQhKNq50/HcXyP4hyxOYoPoVxjo=",
        "owner": "NixOS",
        "repo": "nixpkgs",
        "rev": "d03088749a110d52a4739348f39a63f84bb0be14",
        "type": "github"
      },
      "original": {
        "owner": "NixOS",
        "ref": "nixos-25.11",
        "repo": "nixpkgs",
        "type": "github"
      }
    },
    "plugin-direnv": {
      "flake": false,
      "locked": {
        "lastModified": 1648998572,
        "narHash": "sha256-81OFtPv0VThreRW8/Tcp/uT8BVzVEFI84vuC6yKtyU0=",
        "owner": "asdf-community",
        "repo": "asdf-direnv",
        "rev": "4de6520e6b3b78c48854e63497acd005fcc83dda",
        "type": "github"
      },
      "original": {
        "owner": "asdf-community",
        "ref": "v0.3.0",
        "repo": "asdf-direnv",
        "type": "github"
      }
    },
    "plugin-kubectl": {
      "flake": false,
      "locked": {
        "lastModified": 1646672034,
        "narHash": "sha256-7Gf7SnRwtmW13F1cf9M57hQ+fRMUHP2YC4/nuNabP4M=",
        "owner": "asdf-community",
        "repo": "asdf-kubectl",
        "rev": "11ac5c3b0f403f7ead0b4a65bfbb04381ac8139e",
        "type": "github"
      },
      "original": {
        "owner": "asdf-community",
        "repo": "asdf-kubectl",
        "type": "github"
      }
    },
    "plugin-kustomize": {
      "flake": false,
      "locked": {
        "lastModified": 1649341580,
        "narHash": "sha256-WGLL5hUmFRfp7NDbankrmY5if9dRq/cNJEXBB3DwBA4=",
        "owner": "Banno",
        "repo": "asdf-kustomize",
        "rev": "2efaa38011e7ea05c90cfe2ef5ec81d232adfa11",
        "type": "github"
      },
      "original": {
        "owner": "Banno",
        "repo": "asdf-kustomize",
        "type": "github"
      }
    },
    "plugin-nodejs": {
      "flake": false,
      "locked": {
        "lastModified": 1647281008,
        "narHash": "sha256-mrfyfnCo4fRrTmIxSyTN1dQvFdjtgbL45BrvMYZA4Fg=",
        "owner": "asdf-vm",
        "repo": "asdf-nodejs",
        "rev": "f9957f3f256ebbb3fdeebcaed5082ad305222be6",
        "type": "github"
      },
      "original": {
        "owner": "asdf-vm",
        "repo": "asdf-nodejs",
        "type": "github"
      }
    },
    "plugin-skaffold": {
      "flake": false,
      "locked": {
        "lastModified": 1647111673,
        "narHash": "sha256-u5c7kwBlDlk/C3rAW2HVDiNVjNwV2y4WflniLpSIOzM=",
        "owner": "nklmilojevic",
        "repo": "asdf-skaffold",
        "rev": "bf2f9922ddfc4d8613a2d92f3fedc458464e36e6",
        "type": "github"
      },
      "original": {
        "owner": "nklmilojevic",
        "repo": "asdf-skaffold",
        "type": "github"
      }
    },
    "root": {
      "inputs": {
        "darwin": "darwin",
        "flake-utils": "flake-utils",
        "home-manager": "home-manager",
        "nixpkgs": "nixpkgs",
        "plugin-direnv": "plugin-direnv",
        "plugin-kubectl": "plugin-kubectl",
        "plugin-kustomize": "plugin-kustomize",
        "plugin-nodejs": "plugin-nodejs",
        "plugin-skaffold": "plugin-skaffold"
      }
    }
  },
  "root": "root",
  "version": 7
}
